ACT4_REPOSITORY=https://github.com/riscv/riscv-arch-test.git
ACT4_COMMIT=3548427a83bd7aa3a813d0b2b622e8dbc691c498
ACT4_SAIL_CONFIG_SHA256=bf53bf534947491057f1faacb972c8391db8ca4c807f90c3e31744776db7fa99
ACT4_TOOLCHAIN_RELEASE=2026.07.15
ACT4_GCC_VERSION=16.1.0
ACT4_BINUTILS_VERSION=2.46
ACT4_SAIL_VERSION=0.13
